
Microsoft Visual Studio Solution File, Format Version 12.00
# Visual Studio Version 17
VisualStudioVersion = 17.4.33110.190
MinimumVisualStudioVersion = 10.0.40219.1
Project("{FAE04EC0-301F-11D3-BF4B-00C04F79EFBC}") = "PetStoreApp-Project", "PetStoreApp-Project.csproj", "{5A773926-211D-4655-8398-FA51FC3A9338}"
EndProject
Global
	GlobalSection(SolutionConfigurationPlatforms) = preSolution
		Debug|Any CPU = Debug|Any CPU
		Release|Any CPU = Release|Any CPU
	EndGlobalSection
	GlobalSection(ProjectConfigurationPlatforms) = postSolution
		{5A773926-211D-4655-8398-FA51FC3A9338}.Debug|Any CPU.ActiveCfg = Debug|Any CPU
		{5A773926-211D-4655-8398-FA51FC3A9338}.Debug|Any CPU.Build.0 = Debug|Any CPU
		{5A773926-211D-4655-8398-FA51FC3A9338}.Release|Any CPU.ActiveCfg = Release|Any CPU
		{5A773926-211D-4655-8398-FA51FC3A9338}.Release|Any CPU.Build.0 = Release|Any CPU
	EndGlobalSection
	GlobalSection(SolutionProperties) = preSolution
		HideSolutionNode = FALSE
	EndGlobalSection
	GlobalSection(ExtensibilityGlobals) = postSolution
		SolutionGuid = {1147472A-E31A-4EBF-8F5A-EAF9F510805C}
	EndGlobalSection
EndGlobal
